
Microsoft Visual Studio Solution File, Format Version 12.00
# Visual Studio Version 17
VisualStudioVersion = 17.7.34031.279
MinimumVisualStudioVersion = 10.0.40219.1
Project("{FAE04EC0-301F-11D3-BF4B-00C04F79EFBC}") = "Application", "Application\Application.csproj", "{1E5106D9-EFA7-4045-93F5-07AAEDD9A3A2}"
EndProject
Project("{FAE04EC0-301F-11D3-BF4B-00C04F79EFBC}") = "Domain", "Domain\Domain.csproj", "{E092D8B7-80BE-414E-B6DE-2430628B9A58}"
EndProject
Project("{FAE04EC0-301F-11D3-BF4B-00C04F79EFBC}") = "Core", "Core\Core.csproj", "{3A635103-A572-4818-B0C5-268DBE025268}"
EndProject
Project("{FAE04EC0-301F-11D3-BF4B-00C04F79EFBC}") = "Shared", "Shared\Shared.csproj", "{58E54B89-A3DF-4AAE-AA89-9C0E69A5DB1C}"
EndProject
Project("{FAE04EC0-301F-11D3-BF4B-00C04F79EFBC}") = "E-CommerceApi", "E-CommerceApi\E-CommerceApi.csproj", "{E8ADC578-C2A8-4C3F-B278-0E1761D2C93D}"
EndProject
Global
	GlobalSection(SolutionConfigurationPlatforms) = preSolution
		Debug|Any CPU = Debug|Any CPU
		Release|Any CPU = Release|Any CPU
	EndGlobalSection
	GlobalSection(ProjectConfigurationPlatforms) = postSolution
		{1E5106D9-EFA7-4045-93F5-07AAEDD9A3A2}.Debug|Any CPU.ActiveCfg = Debug|Any CPU
		{1E5106D9-EFA7-4045-93F5-07AAEDD9A3A2}.Debug|Any CPU.Build.0 = Debug|Any CPU
		{1E5106D9-EFA7-4045-93F5-07AAEDD9A3A2}.Release|Any CPU.ActiveCfg = Release|Any CPU
		{1E5106D9-EFA7-4045-93F5-07AAEDD9A3A2}.Release|Any CPU.Build.0 = Release|Any CPU
		{E092D8B7-80BE-414E-B6DE-2430628B9A58}.Debug|Any CPU.ActiveCfg = Debug|Any CPU
		{E092D8B7-80BE-414E-B6DE-2430628B9A58}.Debug|Any CPU.Build.0 = Debug|Any CPU
		{E092D8B7-80BE-414E-B6DE-2430628B9A58}.Release|Any CPU.ActiveCfg = Release|Any CPU
		{E092D8B7-80BE-414E-B6DE-2430628B9A58}.Release|Any CPU.Build.0 = Release|Any CPU
		{3A635103-A572-4818-B0C5-268DBE025268}.Debug|Any CPU.ActiveCfg = Debug|Any CPU
		{3A635103-A572-4818-B0C5-268DBE025268}.Debug|Any CPU.Build.0 = Debug|Any CPU
		{3A635103-A572-4818-B0C5-268DBE025268}.Release|Any CPU.ActiveCfg = Release|Any CPU
		{3A635103-A572-4818-B0C5-268DBE025268}.Release|Any CPU.Build.0 = Release|Any CPU
		{58E54B89-A3DF-4AAE-AA89-9C0E69A5DB1C}.Debug|Any CPU.ActiveCfg = Debug|Any CPU
		{58E54B89-A3DF-4AAE-AA89-9C0E69A5DB1C}.Debug|Any CPU.Build.0 = Debug|Any CPU
		{58E54B89-A3DF-4AAE-AA89-9C0E69A5DB1C}.Release|Any CPU.ActiveCfg = Release|Any CPU
		{58E54B89-A3DF-4AAE-AA89-9C0E69A5DB1C}.Release|Any CPU.Build.0 = Release|Any CPU
		{E8ADC578-C2A8-4C3F-B278-0E1761D2C93D}.Debug|Any CPU.ActiveCfg = Debug|Any CPU
		{E8ADC578-C2A8-4C3F-B278-0E1761D2C93D}.Debug|Any CPU.Build.0 = Debug|Any CPU
		{E8ADC578-C2A8-4C3F-B278-0E1761D2C93D}.Release|Any CPU.ActiveCfg = Release|Any CPU
		{E8ADC578-C2A8-4C3F-B278-0E1761D2C93D}.Release|Any CPU.Build.0 = Release|Any CPU
	EndGlobalSection
	GlobalSection(SolutionProperties) = preSolution
		HideSolutionNode = FALSE
	EndGlobalSection
	GlobalSection(ExtensibilityGlobals) = postSolution
		SolutionGuid = {EFE5C3B5-E3A9-45AC-90FF-48DA06268019}
	EndGlobalSection
EndGlobal
